
Microsoft Visual Studio Solution File, Format Version 12.00
# Visual Studio Version 17
VisualStudioVersion = 17.3.32811.315
MinimumVisualStudioVersion = 10.0.40219.1
Project("{FAE04EC0-301F-11D3-BF4B-00C04F79EFBC}") = "Uppgift3.3", "Uppgift3.3\Uppgift3.3.csproj", "{E14DD5D9-25EE-4479-B2E3-58860EB56609}"
EndProject
Global
	GlobalSection(SolutionConfigurationPlatforms) = preSolution
		Debug|Any CPU = Debug|Any CPU
		Release|Any CPU = Release|Any CPU
	EndGlobalSection
	GlobalSection(ProjectConfigurationPlatforms) = postSolution
		{E14DD5D9-25EE-4479-B2E3-58860EB56609}.Debug|Any CPU.ActiveCfg = Debug|Any CPU
		{E14DD5D9-25EE-4479-B2E3-58860EB56609}.Debug|Any CPU.Build.0 = Debug|Any CPU
		{E14DD5D9-25EE-4479-B2E3-58860EB56609}.Release|Any CPU.ActiveCfg = Release|Any CPU
		{E14DD5D9-25EE-4479-B2E3-58860EB56609}.Release|Any CPU.Build.0 = Release|Any CPU
	EndGlobalSection
	GlobalSection(SolutionProperties) = preSolution
		HideSolutionNode = FALSE
	EndGlobalSection
	GlobalSection(ExtensibilityGlobals) = postSolution
		SolutionGuid = {33C9440C-E87A-4BBD-B7A0-58D2388E5584}
	EndGlobalSection
EndGlobal
